// !$*UTF8*$!
{
	archiveVersion = 1;
	classes = {
	};
	objectVersion = 56;
	objects = {

/* Begin PBXBuildFile section */
		100000000000000000000001 /* main.m in Sources */ = {isa = PBXBuildFile; fileRef = 100000000000000000000101 /* main.m */; };
		100000000000000000000002 /* SystemExtensions.framework in Frameworks */ = {isa = PBXBuildFile; fileRef = 100000000000000000000201 /* SystemExtensions.framework */; };
		100000000000000000000003 /* Foundation.framework in Frameworks */ = {isa = PBXBuildFile; fileRef = 100000000000000000000202 /* Foundation.framework */; };
		100000000000000000000004 /* WiremuxSerialDriver.iig in Sources */ = {isa = PBXBuildFile; fileRef = 100000000000000000000111 /* WiremuxSerialDriver.iig */; };
		100000000000000000000005 /* WiremuxSerialDriver.cpp in Sources */ = {isa = PBXBuildFile; fileRef = 100000000000000000000112 /* WiremuxSerialDriver.cpp */; };
		100000000000000000000006 /* DriverKit.framework in Frameworks */ = {isa = PBXBuildFile; fileRef = 100000000000000000000203 /* DriverKit.framework */; };
		100000000000000000000007 /* SerialDriverKit.framework in Frameworks */ = {isa = PBXBuildFile; fileRef = 100000000000000000000204 /* SerialDriverKit.framework */; };
		100000000000000000000008 /* WiremuxSerialDriver.dext in Embed System Extensions */ = {isa = PBXBuildFile; fileRef = 100000000000000000000302 /* WiremuxSerialDriver.dext */; settings = {ATTRIBUTES = (CodeSignOnCopy, RemoveHeadersOnCopy, ); }; };
/* End PBXBuildFile section */

/* Begin PBXContainerItemProxy section */
		100000000000000000000401 /* PBXContainerItemProxy */ = {
			isa = PBXContainerItemProxy;
			containerPortal = 100000000000000000000900 /* Project object */;
			proxyType = 1;
			remoteGlobalIDString = 100000000000000000000702;
			remoteInfo = WiremuxSerialDriver;
		};
/* End PBXContainerItemProxy section */

/* Begin PBXCopyFilesBuildPhase section */
		100000000000000000000503 /* Embed System Extensions */ = {
			isa = PBXCopyFilesBuildPhase;
			buildActionMask = 2147483647;
			dstPath = Contents/Library/SystemExtensions;
			dstSubfolderSpec = 1;
			files = (
				100000000000000000000008 /* WiremuxSerialDriver.dext in Embed System Extensions */,
			);
			name = "Embed System Extensions";
			runOnlyForDeploymentPostprocessing = 0;
		};
/* End PBXCopyFilesBuildPhase section */

/* Begin PBXFileReference section */
		100000000000000000000101 /* main.m */ = {isa = PBXFileReference; lastKnownFileType = sourcecode.c.objc; path = main.m; sourceTree = "<group>"; };
		100000000000000000000102 /* Info.plist */ = {isa = PBXFileReference; lastKnownFileType = text.plist.xml; path = Info.plist; sourceTree = "<group>"; };
		100000000000000000000103 /* App.entitlements */ = {isa = PBXFileReference; lastKnownFileType = text.plist.entitlements; path = App.entitlements; sourceTree = "<group>"; };
		100000000000000000000111 /* WiremuxSerialDriver.iig */ = {isa = PBXFileReference; lastKnownFileType = sourcecode.iig; path = WiremuxSerialDriver.iig; sourceTree = "<group>"; };
		100000000000000000000112 /* WiremuxSerialDriver.cpp */ = {isa = PBXFileReference; lastKnownFileType = sourcecode.cpp.cpp; path = WiremuxSerialDriver.cpp; sourceTree = "<group>"; };
		100000000000000000000113 /* Info.plist */ = {isa = PBXFileReference; lastKnownFileType = text.plist.xml; path = Info.plist; sourceTree = "<group>"; };
		100000000000000000000114 /* Driver.entitlements */ = {isa = PBXFileReference; lastKnownFileType = text.plist.entitlements; path = Driver.entitlements; sourceTree = "<group>"; };
		100000000000000000000201 /* SystemExtensions.framework */ = {isa = PBXFileReference; lastKnownFileType = wrapper.framework; name = SystemExtensions.framework; path = System/Library/Frameworks/SystemExtensions.framework; sourceTree = SDKROOT; };
		100000000000000000000202 /* Foundation.framework */ = {isa = PBXFileReference; lastKnownFileType = wrapper.framework; name = Foundation.framework; path = System/Library/Frameworks/Foundation.framework; sourceTree = SDKROOT; };
		100000000000000000000203 /* DriverKit.framework */ = {isa = PBXFileReference; lastKnownFileType = wrapper.framework; name = DriverKit.framework; path = System/DriverKit/System/Library/Frameworks/DriverKit.framework; sourceTree = SDKROOT; };
		100000000000000000000204 /* SerialDriverKit.framework */ = {isa = PBXFileReference; lastKnownFileType = wrapper.framework; name = SerialDriverKit.framework; path = System/DriverKit/System/Library/Frameworks/SerialDriverKit.framework; sourceTree = SDKROOT; };
		100000000000000000000301 /* WiremuxDriverKitSerialPOC.app */ = {isa = PBXFileReference; explicitFileType = wrapper.application; includeInIndex = 0; path = WiremuxDriverKitSerialPOC.app; sourceTree = BUILT_PRODUCTS_DIR; };
		100000000000000000000302 /* WiremuxSerialDriver.dext */ = {isa = PBXFileReference; explicitFileType = "wrapper.driver-extension"; includeInIndex = 0; path = WiremuxSerialDriver.dext; sourceTree = BUILT_PRODUCTS_DIR; };
/* End PBXFileReference section */

/* Begin PBXFrameworksBuildPhase section */
		100000000000000000000501 /* Frameworks */ = {
			isa = PBXFrameworksBuildPhase;
			buildActionMask = 2147483647;
			files = (
				100000000000000000000003 /* Foundation.framework in Frameworks */,
				100000000000000000000002 /* SystemExtensions.framework in Frameworks */,
			);
			runOnlyForDeploymentPostprocessing = 0;
		};
		100000000000000000000502 /* Frameworks */ = {
			isa = PBXFrameworksBuildPhase;
			buildActionMask = 2147483647;
			files = (
				100000000000000000000006 /* DriverKit.framework in Frameworks */,
				100000000000000000000007 /* SerialDriverKit.framework in Frameworks */,
			);
			runOnlyForDeploymentPostprocessing = 0;
		};
/* End PBXFrameworksBuildPhase section */

/* Begin PBXGroup section */
		100000000000000000000601 = {
			isa = PBXGroup;
			children = (
				100000000000000000000602 /* App */,
				100000000000000000000603 /* Driver */,
				100000000000000000000604 /* Frameworks */,
				100000000000000000000605 /* Products */,
			);
			sourceTree = "<group>";
		};
		100000000000000000000602 /* App */ = {
			isa = PBXGroup;
			children = (
				100000000000000000000101 /* main.m */,
				100000000000000000000102 /* Info.plist */,
				100000000000000000000103 /* App.entitlements */,
			);
			path = App;
			sourceTree = "<group>";
		};
		100000000000000000000603 /* Driver */ = {
			isa = PBXGroup;
			children = (
				100000000000000000000111 /* WiremuxSerialDriver.iig */,
				100000000000000000000112 /* WiremuxSerialDriver.cpp */,
				100000000000000000000113 /* Info.plist */,
				100000000000000000000114 /* Driver.entitlements */,
			);
			path = Driver;
			sourceTree = "<group>";
		};
		100000000000000000000604 /* Frameworks */ = {
			isa = PBXGroup;
			children = (
				100000000000000000000202 /* Foundation.framework */,
				100000000000000000000201 /* SystemExtensions.framework */,
				100000000000000000000203 /* DriverKit.framework */,
				100000000000000000000204 /* SerialDriverKit.framework */,
			);
			name = Frameworks;
			sourceTree = "<group>";
		};
		100000000000000000000605 /* Products */ = {
			isa = PBXGroup;
			children = (
				100000000000000000000301 /* WiremuxDriverKitSerialPOC.app */,
				100000000000000000000302 /* WiremuxSerialDriver.dext */,
			);
			name = Products;
			sourceTree = "<group>";
		};
/* End PBXGroup section */

/* Begin PBXNativeTarget section */
		100000000000000000000701 /* WiremuxDriverKitSerialPOC */ = {
			isa = PBXNativeTarget;
			buildConfigurationList = 100000000000000000000801 /* Build configuration list for PBXNativeTarget "WiremuxDriverKitSerialPOC" */;
			buildPhases = (
				100000000000000000000511 /* Sources */,
				100000000000000000000501 /* Frameworks */,
				100000000000000000000503 /* Embed System Extensions */,
			);
			buildRules = (
			);
			dependencies = (
				100000000000000000000402 /* PBXTargetDependency */,
			);
			name = WiremuxDriverKitSerialPOC;
			productName = WiremuxDriverKitSerialPOC;
			productReference = 100000000000000000000301 /* WiremuxDriverKitSerialPOC.app */;
			productType = "com.apple.product-type.application";
		};
		100000000000000000000702 /* WiremuxSerialDriver */ = {
			isa = PBXNativeTarget;
			buildConfigurationList = 100000000000000000000802 /* Build configuration list for PBXNativeTarget "WiremuxSerialDriver" */;
			buildPhases = (
				100000000000000000000512 /* Sources */,
				100000000000000000000502 /* Frameworks */,
			);
			buildRules = (
			);
			dependencies = (
			);
			name = WiremuxSerialDriver;
			productName = WiremuxSerialDriver;
			productReference = 100000000000000000000302 /* WiremuxSerialDriver.dext */;
			productType = "com.apple.product-type.driver-extension";
		};
/* End PBXNativeTarget section */

/* Begin PBXProject section */
		100000000000000000000900 /* Project object */ = {
			isa = PBXProject;
			attributes = {
				BuildIndependentTargetsInParallel = YES;
				LastUpgradeCheck = 1700;
				TargetAttributes = {
					100000000000000000000701 = {
						CreatedOnToolsVersion = 17.0;
					};
					100000000000000000000702 = {
						CreatedOnToolsVersion = 17.0;
					};
				};
			};
			buildConfigurationList = 100000000000000000000800 /* Build configuration list for PBXProject "WiremuxDriverKitSerialPOC" */;
			compatibilityVersion = "Xcode 14.0";
			developmentRegion = en;
			hasScannedForEncodings = 0;
			knownRegions = (
				en,
				Base,
			);
			mainGroup = 100000000000000000000601;
			productRefGroup = 100000000000000000000605 /* Products */;
			projectDirPath = "";
			projectRoot = "";
			targets = (
				100000000000000000000701 /* WiremuxDriverKitSerialPOC */,
				100000000000000000000702 /* WiremuxSerialDriver */,
			);
		};
/* End PBXProject section */

/* Begin PBXSourcesBuildPhase section */
		100000000000000000000511 /* Sources */ = {
			isa = PBXSourcesBuildPhase;
			buildActionMask = 2147483647;
			files = (
				100000000000000000000001 /* main.m in Sources */,
			);
			runOnlyForDeploymentPostprocessing = 0;
		};
		100000000000000000000512 /* Sources */ = {
			isa = PBXSourcesBuildPhase;
			buildActionMask = 2147483647;
			files = (
				100000000000000000000004 /* WiremuxSerialDriver.iig in Sources */,
				100000000000000000000005 /* WiremuxSerialDriver.cpp in Sources */,
			);
			runOnlyForDeploymentPostprocessing = 0;
		};
/* End PBXSourcesBuildPhase section */

/* Begin PBXTargetDependency section */
		100000000000000000000402 /* PBXTargetDependency */ = {
			isa = PBXTargetDependency;
			target = 100000000000000000000702 /* WiremuxSerialDriver */;
			targetProxy = 100000000000000000000401 /* PBXContainerItemProxy */;
		};
/* End PBXTargetDependency section */

/* Begin XCBuildConfiguration section */
		100000000000000000000811 /* Debug */ = {
			isa = XCBuildConfiguration;
			buildSettings = {
				ALWAYS_SEARCH_USER_PATHS = NO;
				CLANG_ANALYZER_NONNULL = YES;
				CLANG_CXX_LANGUAGE_STANDARD = "gnu++20";
				CLANG_ENABLE_MODULES = YES;
				CLANG_ENABLE_OBJC_ARC = YES;
				CLANG_WARN_BLOCK_CAPTURE_AUTORELEASING = YES;
				CLANG_WARN_BOOL_CONVERSION = YES;
				CLANG_WARN_COMMA = YES;
				CLANG_WARN_CONSTANT_CONVERSION = YES;
				CLANG_WARN_DEPRECATED_OBJC_IMPLEMENTATIONS = YES;
				CLANG_WARN_DIRECT_OBJC_ISA_USAGE = YES_ERROR;
				CLANG_WARN_DOCUMENTATION_COMMENTS = YES;
				CLANG_WARN_EMPTY_BODY = YES;
				CLANG_WARN_ENUM_CONVERSION = YES;
				CLANG_WARN_INFINITE_RECURSION = YES;
				CLANG_WARN_INT_CONVERSION = YES;
				CLANG_WARN_NON_LITERAL_NULL_CONVERSION = YES;
				CLANG_WARN_OBJC_IMPLICIT_RETAIN_SELF = YES;
				CLANG_WARN_OBJC_LITERAL_CONVERSION = YES;
				CLANG_WARN_OBJC_ROOT_CLASS = YES_ERROR;
				CLANG_WARN_QUOTED_INCLUDE_IN_FRAMEWORK_HEADER = YES;
				CLANG_WARN_RANGE_LOOP_ANALYSIS = YES;
				CLANG_WARN_STRICT_PROTOTYPES = YES;
				CLANG_WARN_SUSPICIOUS_MOVE = YES;
				CLANG_WARN_UNGUARDED_AVAILABILITY = YES_AGGRESSIVE;
				CLANG_WARN_UNREACHABLE_CODE = YES;
				CLANG_WARN__DUPLICATE_METHOD_MATCH = YES;
				COPY_PHASE_STRIP = NO;
				DEBUG_INFORMATION_FORMAT = dwarf;
				ENABLE_STRICT_OBJC_MSGSEND = YES;
				ENABLE_TESTABILITY = YES;
				GCC_C_LANGUAGE_STANDARD = gnu17;
				GCC_DYNAMIC_NO_PIC = NO;
				GCC_NO_COMMON_BLOCKS = YES;
				GCC_OPTIMIZATION_LEVEL = 0;
				GCC_PREPROCESSOR_DEFINITIONS = (
					"DEBUG=1",
					"$(inherited)",
				);
				GCC_WARN_64_TO_32_BIT_CONVERSION = YES;
				GCC_WARN_ABOUT_RETURN_TYPE = YES_ERROR;
				GCC_WARN_UNDECLARED_SELECTOR = YES;
				GCC_WARN_UNINITIALIZED_AUTOS = YES_AGGRESSIVE;
				GCC_WARN_UNUSED_FUNCTION = YES;
				GCC_WARN_UNUSED_VARIABLE = YES;
				MTL_ENABLE_DEBUG_INFO = INCLUDE_SOURCE;
				ONLY_ACTIVE_ARCH = YES;
			};
			name = Debug;
		};
		100000000000000000000812 /* Release */ = {
			isa = XCBuildConfiguration;
			buildSettings = {
				ALWAYS_SEARCH_USER_PATHS = NO;
				CLANG_ANALYZER_NONNULL = YES;
				CLANG_CXX_LANGUAGE_STANDARD = "gnu++20";
				CLANG_ENABLE_MODULES = YES;
				CLANG_ENABLE_OBJC_ARC = YES;
				CLANG_WARN_BLOCK_CAPTURE_AUTORELEASING = YES;
				CLANG_WARN_BOOL_CONVERSION = YES;
				CLANG_WARN_COMMA = YES;
				CLANG_WARN_CONSTANT_CONVERSION = YES;
				CLANG_WARN_DEPRECATED_OBJC_IMPLEMENTATIONS = YES;
				CLANG_WARN_DIRECT_OBJC_ISA_USAGE = YES_ERROR;
				CLANG_WARN_DOCUMENTATION_COMMENTS = YES;
				CLANG_WARN_EMPTY_BODY = YES;
				CLANG_WARN_ENUM_CONVERSION = YES;
				CLANG_WARN_INFINITE_RECURSION = YES;
				CLANG_WARN_INT_CONVERSION = YES;
				CLANG_WARN_NON_LITERAL_NULL_CONVERSION = YES;
				CLANG_WARN_OBJC_IMPLICIT_RETAIN_SELF = YES;
				CLANG_WARN_OBJC_LITERAL_CONVERSION = YES;
				CLANG_WARN_OBJC_ROOT_CLASS = YES_ERROR;
				CLANG_WARN_QUOTED_INCLUDE_IN_FRAMEWORK_HEADER = YES;
				CLANG_WARN_RANGE_LOOP_ANALYSIS = YES;
				CLANG_WARN_STRICT_PROTOTYPES = YES;
				CLANG_WARN_SUSPICIOUS_MOVE = YES;
				CLANG_WARN_UNGUARDED_AVAILABILITY = YES_AGGRESSIVE;
				CLANG_WARN_UNREACHABLE_CODE = YES;
				CLANG_WARN__DUPLICATE_METHOD_MATCH = YES;
				COPY_PHASE_STRIP = NO;
				DEBUG_INFORMATION_FORMAT = "dwarf-with-dsym";
				ENABLE_NS_ASSERTIONS = NO;
				ENABLE_STRICT_OBJC_MSGSEND = YES;
				GCC_C_LANGUAGE_STANDARD = gnu17;
				GCC_NO_COMMON_BLOCKS = YES;
				GCC_WARN_64_TO_32_BIT_CONVERSION = YES;
				GCC_WARN_ABOUT_RETURN_TYPE = YES_ERROR;
				GCC_WARN_UNDECLARED_SELECTOR = YES;
				GCC_WARN_UNINITIALIZED_AUTOS = YES_AGGRESSIVE;
				GCC_WARN_UNUSED_FUNCTION = YES;
				GCC_WARN_UNUSED_VARIABLE = YES;
				MTL_ENABLE_DEBUG_INFO = NO;
				ONLY_ACTIVE_ARCH = NO;
			};
			name = Release;
		};
		100000000000000000000821 /* Debug */ = {
			isa = XCBuildConfiguration;
			buildSettings = {
				CODE_SIGN_ENTITLEMENTS = App/App.entitlements;
				COMBINE_HIDPI_IMAGES = YES;
				DEVELOPMENT_TEAM = "";
				GENERATE_INFOPLIST_FILE = NO;
				INFOPLIST_FILE = App/Info.plist;
				LD_RUNPATH_SEARCH_PATHS = (
					"$(inherited)",
					"@executable_path/../Frameworks",
				);
				MACOSX_DEPLOYMENT_TARGET = 14.0;
				PRODUCT_BUNDLE_IDENTIFIER = com.wiremux.DriverKitSerialPOC;
				PRODUCT_NAME = WiremuxDriverKitSerialPOC;
				SDKROOT = macosx;
				SWIFT_EMIT_LOC_STRINGS = NO;
			};
			name = Debug;
		};
		100000000000000000000822 /* Release */ = {
			isa = XCBuildConfiguration;
			buildSettings = {
				CODE_SIGN_ENTITLEMENTS = App/App.entitlements;
				COMBINE_HIDPI_IMAGES = YES;
				DEVELOPMENT_TEAM = "";
				GENERATE_INFOPLIST_FILE = NO;
				INFOPLIST_FILE = App/Info.plist;
				LD_RUNPATH_SEARCH_PATHS = (
					"$(inherited)",
					"@executable_path/../Frameworks",
				);
				MACOSX_DEPLOYMENT_TARGET = 14.0;
				PRODUCT_BUNDLE_IDENTIFIER = com.wiremux.DriverKitSerialPOC;
				PRODUCT_NAME = WiremuxDriverKitSerialPOC;
				SDKROOT = macosx;
				SWIFT_EMIT_LOC_STRINGS = NO;
			};
			name = Release;
		};
		100000000000000000000831 /* Debug */ = {
			isa = XCBuildConfiguration;
			buildSettings = {
				CLANG_CXX_LANGUAGE_STANDARD = "gnu++20";
				CODE_SIGN_ENTITLEMENTS = Driver/Driver.entitlements;
				DEVELOPMENT_TEAM = BR63YT2EJJ;
				DRIVERKIT_DEPLOYMENT_TARGET = 25.2;
				GENERATE_INFOPLIST_FILE = NO;
				INFOPLIST_FILE = Driver/Info.plist;
				PRODUCT_BUNDLE_IDENTIFIER = com.wiremux.DriverKitSerialPOC.WiremuxSerialDriver;
				PRODUCT_NAME = WiremuxSerialDriver;
				SDKROOT = driverkit;
				SKIP_INSTALL = YES;
			};
			name = Debug;
		};
		100000000000000000000832 /* Release */ = {
			isa = XCBuildConfiguration;
			buildSettings = {
				CLANG_CXX_LANGUAGE_STANDARD = "gnu++20";
				CODE_SIGN_ENTITLEMENTS = Driver/Driver.entitlements;
				DEVELOPMENT_TEAM = BR63YT2EJJ;
				DRIVERKIT_DEPLOYMENT_TARGET = 25.2;
				GENERATE_INFOPLIST_FILE = NO;
				INFOPLIST_FILE = Driver/Info.plist;
				PRODUCT_BUNDLE_IDENTIFIER = com.wiremux.DriverKitSerialPOC.WiremuxSerialDriver;
				PRODUCT_NAME = WiremuxSerialDriver;
				SDKROOT = driverkit;
				SKIP_INSTALL = YES;
			};
			name = Release;
		};
/* End XCBuildConfiguration section */

/* Begin XCConfigurationList section */
		100000000000000000000800 /* Build configuration list for PBXProject "WiremuxDriverKitSerialPOC" */ = {
			isa = XCConfigurationList;
			buildConfigurations = (
				100000000000000000000811 /* Debug */,
				100000000000000000000812 /* Release */,
			);
			defaultConfigurationIsVisible = 0;
			defaultConfigurationName = Debug;
		};
		100000000000000000000801 /* Build configuration list for PBXNativeTarget "WiremuxDriverKitSerialPOC" */ = {
			isa = XCConfigurationList;
			buildConfigurations = (
				100000000000000000000821 /* Debug */,
				100000000000000000000822 /* Release */,
			);
			defaultConfigurationIsVisible = 0;
			defaultConfigurationName = Debug;
		};
		100000000000000000000802 /* Build configuration list for PBXNativeTarget "WiremuxSerialDriver" */ = {
			isa = XCConfigurationList;
			buildConfigurations = (
				100000000000000000000831 /* Debug */,
				100000000000000000000832 /* Release */,
			);
			defaultConfigurationIsVisible = 0;
			defaultConfigurationName = Debug;
		};
/* End XCConfigurationList section */
	};
	rootObject = 100000000000000000000900 /* Project object */;
}
